{
  "name": "@follenfang/fupload",
  "version": "0.0.9",
  "lockfileVersion": 3,
  "requires": true,
  "packages": {
    "": {
      "name": "@follenfang/fupload",
      "version": "0.0.9",
      "hasInstallScript": true,
      "license": "UNLICENSED",
      "bin": {
        "fupload": "npm/bin/fupload.mjs"
      },
      "engines": {
        "node": ">=18.18"
      }
    }
  }
}
